
Microsoft Visual Studio Solution File, Format Version 12.00
# Visual Studio Version 17
VisualStudioVersion = 17.13.35806.99 d17.13
MinimumVisualStudioVersion = 10.0.40219.1
Project("{FAE04EC0-301F-11D3-BF4B-00C04F79EFBC}") = "BetterInfinityRage", "BetterInfinityRage.csproj", "{8FCD59DC-DB35-40DA-9CAB-37A71812AAEB}"
EndProject
Global
	GlobalSection(SolutionConfigurationPlatforms) = preSolution
		Debug|Any CPU = Debug|Any CPU
		Release|Any CPU = Release|Any CPU
	EndGlobalSection
	GlobalSection(ProjectConfigurationPlatforms) = postSolution
		{8FCD59DC-DB35-40DA-9CAB-37A71812AAEB}.Debug|Any CPU.ActiveCfg = Debug|Any CPU
		{8FCD59DC-DB35-40DA-9CAB-37A71812AAEB}.Debug|Any CPU.Build.0 = Debug|Any CPU
		{8FCD59DC-DB35-40DA-9CAB-37A71812AAEB}.Release|Any CPU.ActiveCfg = Release|Any CPU
		{8FCD59DC-DB35-40DA-9CAB-37A71812AAEB}.Release|Any CPU.Build.0 = Release|Any CPU
	EndGlobalSection
	GlobalSection(SolutionProperties) = preSolution
		HideSolutionNode = FALSE
	EndGlobalSection
	GlobalSection(ExtensibilityGlobals) = postSolution
		SolutionGuid = {1EA23594-52D8-482A-A54D-CA8E524084AF}
	EndGlobalSection
EndGlobal
